{
  "name": "promethee",
  "requires": true,
  "lockfileVersion": 1,
  "dependencies": {
    "@fancyapps/fancybox": {
      "version": "3.3.5",
      "resolved": "https://registry.npmjs.org/@fancyapps/fancybox/-/fancybox-3.3.5.tgz",
      "integrity": "sha512-/sO9o/zeQhWN1OMRlVOWpElN56Ww/aSNks5a7PZ7JKM6I5jeih6CxaCeeOp8jgJXVfElbWOO2KTAMT/7tICNcQ=="
    },
    "angular-bootstrap-colorpicker": {
      "version": "3.0.32",
      "resolved": "https://registry.npmjs.org/angular-bootstrap-colorpicker/-/angular-bootstrap-colorpicker-3.0.32.tgz",
      "integrity": "sha512-5BRShlkKStFxnEz/hgvY9edlmRY2KJiIfDTt+nNT0jkM5PMe4qmDuARtaw73TjIKZyjUvjXv9yzheWvqDYcfEQ=="
    },
    "angular-summernote": {
      "version": "0.8.1",
      "resolved": "https://registry.npmjs.org/angular-summernote/-/angular-summernote-0.8.1.tgz",
      "integrity": "sha1-E4huA6ICgbtzXYVHz7wPiFGrais="
    },
    "angular-ui-sortable": {
      "version": "0.18.0",
      "resolved": "https://registry.npmjs.org/angular-ui-sortable/-/angular-ui-sortable-0.18.0.tgz",
      "integrity": "sha1-pN/c5LrzZAb/nnUMROuGKPfnTnc="
    },
    "fancybox": {
      "version": "3.0.1",
      "resolved": "https://registry.npmjs.org/fancybox/-/fancybox-3.0.1.tgz",
      "integrity": "sha512-HZ57O6j5Zk4Uvusd5pNUgWi7CCjKx+HFlCzjMPeRJ//0bQWUK+xVpkn3EzXWJate4ZSKNFP9kU2l49MP1g+oow=="
    },
    "ng-file-upload": {
      "version": "12.2.13",
      "resolved": "https://registry.npmjs.org/ng-file-upload/-/ng-file-upload-12.2.13.tgz",
      "integrity": "sha1-AYAPOHLlJvlTEPhHfpnk8S0NjRQ="
    }
  }
}
