# THIS IS AN AUTOGENERATED FILE. DO NOT EDIT THIS FILE DIRECTLY.
# yarn lockfile v1


"@fancyapps/fancybox@^3.5.2":
  version "3.5.2"
  resolved "https://registry.yarnpkg.com/@fancyapps/fancybox/-/fancybox-3.5.2.tgz#d6ff4bf3bc99dd69c53bcee9397d8cf698462fe3"

angular-bootstrap-colorpicker@:
  version "3.0.32"
  resolved "https://registry.yarnpkg.com/angular-bootstrap-colorpicker/-/angular-bootstrap-colorpicker-3.0.32.tgz#1080b1ab9802c1bae1919badb26417de6758ef3d"

angular-summernote@^0.8.1:
  version "0.8.1"
  resolved "https://registry.yarnpkg.com/angular-summernote/-/angular-summernote-0.8.1.tgz#13886e03a20281bb735d8547cfbc0f8851ab6a2b"

angular-ui-sortable@^0.18.0:
  version "0.18.0"
  resolved "https://registry.yarnpkg.com/angular-ui-sortable/-/angular-ui-sortable-0.18.0.tgz#a4dfdce4baf36406ff9e750c44eb8628f7e74e77"

jquery-warn-before-unload@^1.0.2:
  version "1.0.4"
  resolved "https://registry.yarnpkg.com/jquery-warn-before-unload/-/jquery-warn-before-unload-1.0.4.tgz#b642e4151c50131c886f3e613e9bb9dde4fcd22a"

ng-file-upload@^12.2.13:
  version "12.2.13"
  resolved "https://registry.yarnpkg.com/ng-file-upload/-/ng-file-upload-12.2.13.tgz#01800f3872e526f95310f8477e99e4f12d0d8d14"
